
Microsoft Visual Studio Solution File, Format Version 12.00
# Visual Studio Version 16
VisualStudioVersion = 16.0.29806.167
MinimumVisualStudioVersion = 10.0.40219.1
Project("{2150E333-8FDC-42A3-9474-1A3956D46DE8}") = "src", "src", "{B639764D-C7D0-4860-A3A6-80ECBE6AAD54}"
EndProject
Project("{2150E333-8FDC-42A3-9474-1A3956D46DE8}") = "test", "test", "{EAB02C88-70E7-48B7-8568-5C0EA37885C5}"
EndProject
Project("{9A19103F-16F7-4668-BE54-9A1E7A4F7556}") = "Volo.Abpdevelop.Payment", "src\Volo.Abpdevelop.Paymenter\Volo.Abpdevelop.Payment.csproj", "{FB55EAD9-0D7E-4C30-AC5D-5C4DE6D2ECC5}"
EndProject
Project("{FAE04EC0-301F-11D3-BF4B-00C04F79EFBC}") = "Volo.Abpdevelop.Core", "src\Volo.Abpdevelop.Core\Volo.Abpdevelop.Core.csproj", "{26B3C585-B13D-4709-B5EE-14075816DEE0}"
EndProject
Project("{FAE04EC0-301F-11D3-BF4B-00C04F79EFBC}") = "Volo.Abpdevelop.Payment.TenPay", "src\Volo.Abpdevelop.Payment.Wechat\Volo.Abpdevelop.Payment.TenPay.csproj", "{7DE406A8-9CE7-4BBF-AC9B-544C317996F8}"
EndProject
Project("{FAE04EC0-301F-11D3-BF4B-00C04F79EFBC}") = "Volo.Abpdevelop.Payment.Alipay", "src\Volo.Abpdevelop.Payment.Alipay\Volo.Abpdevelop.Payment.Alipay.csproj", "{1FE64088-EA33-4D25-8C00-23080FEB52E3}"
EndProject
Global
	GlobalSection(SolutionConfigurationPlatforms) = preSolution
		Debug|Any CPU = Debug|Any CPU
		Release|Any CPU = Release|Any CPU
	EndGlobalSection
	GlobalSection(ProjectConfigurationPlatforms) = postSolution
		{FB55EAD9-0D7E-4C30-AC5D-5C4DE6D2ECC5}.Debug|Any CPU.ActiveCfg = Debug|Any CPU
		{FB55EAD9-0D7E-4C30-AC5D-5C4DE6D2ECC5}.Debug|Any CPU.Build.0 = Debug|Any CPU
		{FB55EAD9-0D7E-4C30-AC5D-5C4DE6D2ECC5}.Release|Any CPU.ActiveCfg = Release|Any CPU
		{FB55EAD9-0D7E-4C30-AC5D-5C4DE6D2ECC5}.Release|Any CPU.Build.0 = Release|Any CPU
		{26B3C585-B13D-4709-B5EE-14075816DEE0}.Debug|Any CPU.ActiveCfg = Debug|Any CPU
		{26B3C585-B13D-4709-B5EE-14075816DEE0}.Debug|Any CPU.Build.0 = Debug|Any CPU
		{26B3C585-B13D-4709-B5EE-14075816DEE0}.Release|Any CPU.ActiveCfg = Release|Any CPU
		{26B3C585-B13D-4709-B5EE-14075816DEE0}.Release|Any CPU.Build.0 = Release|Any CPU
		{7DE406A8-9CE7-4BBF-AC9B-544C317996F8}.Debug|Any CPU.ActiveCfg = Debug|Any CPU
		{7DE406A8-9CE7-4BBF-AC9B-544C317996F8}.Debug|Any CPU.Build.0 = Debug|Any CPU
		{7DE406A8-9CE7-4BBF-AC9B-544C317996F8}.Release|Any CPU.ActiveCfg = Release|Any CPU
		{7DE406A8-9CE7-4BBF-AC9B-544C317996F8}.Release|Any CPU.Build.0 = Release|Any CPU
		{1FE64088-EA33-4D25-8C00-23080FEB52E3}.Debug|Any CPU.ActiveCfg = Debug|Any CPU
		{1FE64088-EA33-4D25-8C00-23080FEB52E3}.Debug|Any CPU.Build.0 = Debug|Any CPU
		{1FE64088-EA33-4D25-8C00-23080FEB52E3}.Release|Any CPU.ActiveCfg = Release|Any CPU
		{1FE64088-EA33-4D25-8C00-23080FEB52E3}.Release|Any CPU.Build.0 = Release|Any CPU
	EndGlobalSection
	GlobalSection(SolutionProperties) = preSolution
		HideSolutionNode = FALSE
	EndGlobalSection
	GlobalSection(NestedProjects) = preSolution
		{FB55EAD9-0D7E-4C30-AC5D-5C4DE6D2ECC5} = {B639764D-C7D0-4860-A3A6-80ECBE6AAD54}
		{26B3C585-B13D-4709-B5EE-14075816DEE0} = {B639764D-C7D0-4860-A3A6-80ECBE6AAD54}
		{7DE406A8-9CE7-4BBF-AC9B-544C317996F8} = {B639764D-C7D0-4860-A3A6-80ECBE6AAD54}
		{1FE64088-EA33-4D25-8C00-23080FEB52E3} = {B639764D-C7D0-4860-A3A6-80ECBE6AAD54}
	EndGlobalSection
	GlobalSection(ExtensibilityGlobals) = postSolution
		SolutionGuid = {DF0CB84B-128A-474F-962A-AB1331C95823}
	EndGlobalSection
EndGlobal
